{
  "version": 4,
  "terraform_version": "1.0.7",
  "serial": 107,
  "lineage": "c1e6d845-155f-de79-d622-aeb581cc0a3a",
  "outputs": {},
  "resources": [
    {
      "mode": "managed",
      "type": "aws_internet_gateway",
      "name": "igw",
      "provider": "provider[\"registry.terraform.io/hashicorp/aws\"]",
      "instances": [
        {
          "schema_version": 0,
          "attributes": {
            "arn": "arn:aws:ec2:us-east-1:556005419303:internet-gateway/igw-03fd31003c89f42fb",
            "id": "igw-03fd31003c89f42fb",
            "owner_id": "556005419303",
            "tags": {
              "Environment": "prod",
              "Name": "sb-prod-liberland-igw",
              "Namespace": "sb"
            },
            "tags_all": {
              "Environment": "prod",
              "Name": "sb-prod-liberland-igw",
              "Namespace": "sb"
            },
            "vpc_id": "vpc-09aa8d6c9e9864de7"
          },
          "sensitive_attributes": [],
          "private": "bnVsbA==",
          "dependencies": [
            "aws_vpc.vpc"
          ]
        }
      ]
    },
    {
      "mode": "managed",
      "type": "aws_subnet",
      "name": "public-a",
      "provider": "provider[\"registry.terraform.io/hashicorp/aws\"]",
      "instances": [
        {
          "schema_version": 1,
          "attributes": {
            "arn": "arn:aws:ec2:us-east-1:556005419303:subnet/subnet-0c02620ebc314de66",
            "assign_ipv6_address_on_creation": false,
            "availability_zone": "us-east-1a",
            "availability_zone_id": "use1-az4",
            "cidr_block": "10.0.3.0/24",
            "customer_owned_ipv4_pool": "",
            "id": "subnet-0c02620ebc314de66",
            "ipv6_cidr_block": "",
            "ipv6_cidr_block_association_id": "",
            "map_customer_owned_ip_on_launch": false,
            "map_public_ip_on_launch": false,
            "outpost_arn": "",
            "owner_id": "556005419303",
            "tags": {
              "Environment": "prod",
              "Name": "sb-prod-liberland-subnet-public-a",
              "Namespace": "sb",
              "kubernetes.io/role/elb": "1"
            },
            "tags_all": {
              "Environment": "prod",
              "Name": "sb-prod-liberland-subnet-public-a",
              "Namespace": "sb",
              "kubernetes.io/role/elb": "1"
            },
            "timeouts": null,
            "vpc_id": "vpc-09aa8d6c9e9864de7"
          },
          "sensitive_attributes": [],
          "private": "eyJlMmJmYjczMC1lY2FhLTExZTYtOGY4OC0zNDM2M2JjN2M0YzAiOnsiY3JlYXRlIjo2MDAwMDAwMDAwMDAsImRlbGV0ZSI6MTIwMDAwMDAwMDAwMH0sInNjaGVtYV92ZXJzaW9uIjoiMSJ9",
          "dependencies": [
            "aws_vpc.vpc"
          ]
        }
      ]
    },
    {
      "mode": "managed",
      "type": "aws_subnet",
      "name": "public-b",
      "provider": "provider[\"registry.terraform.io/hashicorp/aws\"]",
      "instances": [
        {
          "schema_version": 1,
          "attributes": {
            "arn": "arn:aws:ec2:us-east-1:556005419303:subnet/subnet-07ee24f12d6767256",
            "assign_ipv6_address_on_creation": false,
            "availability_zone": "us-east-1b",
            "availability_zone_id": "use1-az6",
            "cidr_block": "10.0.4.0/24",
            "customer_owned_ipv4_pool": "",
            "id": "subnet-07ee24f12d6767256",
            "ipv6_cidr_block": "",
            "ipv6_cidr_block_association_id": "",
            "map_customer_owned_ip_on_launch": false,
            "map_public_ip_on_launch": false,
            "outpost_arn": "",
            "owner_id": "556005419303",
            "tags": {
              "Environment": "prod",
              "Name": "sb-prod-liberland-subnet-public-b",
              "Namespace": "sb",
              "kubernetes.io/role/elb": "1"
            },
            "tags_all": {
              "Environment": "prod",
              "Name": "sb-prod-liberland-subnet-public-b",
              "Namespace": "sb",
              "kubernetes.io/role/elb": "1"
            },
            "timeouts": null,
            "vpc_id": "vpc-09aa8d6c9e9864de7"
          },
          "sensitive_attributes": [],
          "private": "eyJlMmJmYjczMC1lY2FhLTExZTYtOGY4OC0zNDM2M2JjN2M0YzAiOnsiY3JlYXRlIjo2MDAwMDAwMDAwMDAsImRlbGV0ZSI6MTIwMDAwMDAwMDAwMH0sInNjaGVtYV92ZXJzaW9uIjoiMSJ9",
          "dependencies": [
            "aws_vpc.vpc"
          ]
        }
      ]
    },
    {
      "mode": "managed",
      "type": "aws_subnet",
      "name": "public-c",
      "provider": "provider[\"registry.terraform.io/hashicorp/aws\"]",
      "instances": [
        {
          "schema_version": 1,
          "attributes": {
            "arn": "arn:aws:ec2:us-east-1:556005419303:subnet/subnet-094b777ee19830f32",
            "assign_ipv6_address_on_creation": false,
            "availability_zone": "us-east-1c",
            "availability_zone_id": "use1-az1",
            "cidr_block": "10.0.5.0/24",
            "customer_owned_ipv4_pool": "",
            "id": "subnet-094b777ee19830f32",
            "ipv6_cidr_block": "",
            "ipv6_cidr_block_association_id": "",
            "map_customer_owned_ip_on_launch": false,
            "map_public_ip_on_launch": false,
            "outpost_arn": "",
            "owner_id": "556005419303",
            "tags": {
              "Environment": "prod",
              "Name": "sb-prod-liberland-subnet-public-c",
              "Namespace": "sb",
              "kubernetes.io/role/elb": "1"
            },
            "tags_all": {
              "Environment": "prod",
              "Name": "sb-prod-liberland-subnet-public-c",
              "Namespace": "sb",
              "kubernetes.io/role/elb": "1"
            },
            "timeouts": null,
            "vpc_id": "vpc-09aa8d6c9e9864de7"
          },
          "sensitive_attributes": [],
          "private": "eyJlMmJmYjczMC1lY2FhLTExZTYtOGY4OC0zNDM2M2JjN2M0YzAiOnsiY3JlYXRlIjo2MDAwMDAwMDAwMDAsImRlbGV0ZSI6MTIwMDAwMDAwMDAwMH0sInNjaGVtYV92ZXJzaW9uIjoiMSJ9",
          "dependencies": [
            "aws_vpc.vpc"
          ]
        }
      ]
    },
    {
      "mode": "managed",
      "type": "aws_vpc",
      "name": "vpc",
      "provider": "provider[\"registry.terraform.io/hashicorp/aws\"]",
      "instances": [
        {
          "schema_version": 1,
          "attributes": {
            "arn": "arn:aws:ec2:us-east-1:556005419303:vpc/vpc-09aa8d6c9e9864de7",
            "assign_generated_ipv6_cidr_block": false,
            "cidr_block": "10.0.0.0/16",
            "default_network_acl_id": "acl-0fe95dbe684c843a6",
            "default_route_table_id": "rtb-0f44d6d269ea74818",
            "default_security_group_id": "sg-0dffd99d46092ee08",
            "dhcp_options_id": "dopt-24c2dc46",
            "enable_classiclink": false,
            "enable_classiclink_dns_support": false,
            "enable_dns_hostnames": false,
            "enable_dns_support": true,
            "id": "vpc-09aa8d6c9e9864de7",
            "instance_tenancy": "default",
            "ipv6_association_id": "",
            "ipv6_cidr_block": "",
            "main_route_table_id": "rtb-0f44d6d269ea74818",
            "owner_id": "556005419303",
            "tags": {
              "Environment": "prod",
              "Name": "sb-prod-liberland-vpc",
              "Namespace": "sb"
            },
            "tags_all": {
              "Environment": "prod",
              "Name": "sb-prod-liberland-vpc",
              "Namespace": "sb"
            }
          },
          "sensitive_attributes": [],
          "private": "eyJzY2hlbWFfdmVyc2lvbiI6IjEifQ=="
        }
      ]
    }
  ]
}
