{
  "version": 4,
  "terraform_version": "1.0.11",
  "serial": 250,
  "lineage": "c1e6d845-155f-de79-d622-aeb581cc0a3a",
  "outputs": {},
  "resources": [
    {
      "mode": "managed",
      "type": "aws_internet_gateway",
      "name": "igw",
      "provider": "provider[\"registry.terraform.io/hashicorp/aws\"]",
      "instances": [
        {
          "schema_version": 0,
          "attributes": {
            "arn": "arn:aws:ec2:us-east-1:556005419303:internet-gateway/igw-0b463fde90176c8b6",
            "id": "igw-0b463fde90176c8b6",
            "owner_id": "556005419303",
            "tags": {
              "Environment": "prod",
              "Name": "sb-prod-liberland-igw",
              "Namespace": "sb"
            },
            "tags_all": {
              "Environment": "prod",
              "Name": "sb-prod-liberland-igw",
              "Namespace": "sb"
            },
            "vpc_id": "vpc-0655a625af87e76ec"
          },
          "sensitive_attributes": [],
          "private": "bnVsbA==",
          "dependencies": [
            "aws_vpc.vpc"
          ]
        }
      ]
    },
    {
      "mode": "managed",
      "type": "aws_vpc",
      "name": "vpc",
      "provider": "provider[\"registry.terraform.io/hashicorp/aws\"]",
      "instances": [
        {
          "schema_version": 1,
          "attributes": {
            "arn": "arn:aws:ec2:us-east-1:556005419303:vpc/vpc-0655a625af87e76ec",
            "assign_generated_ipv6_cidr_block": false,
            "cidr_block": "10.0.0.0/16",
            "default_network_acl_id": "acl-043e882fe78ec8359",
            "default_route_table_id": "rtb-0eda5c881e67e1482",
            "default_security_group_id": "sg-097126d49e353934b",
            "dhcp_options_id": "dopt-24c2dc46",
            "enable_classiclink": false,
            "enable_classiclink_dns_support": false,
            "enable_dns_hostnames": true,
            "enable_dns_support": true,
            "id": "vpc-0655a625af87e76ec",
            "instance_tenancy": "default",
            "ipv6_association_id": "",
            "ipv6_cidr_block": "",
            "main_route_table_id": "rtb-0eda5c881e67e1482",
            "owner_id": "556005419303",
            "tags": {
              "Environment": "prod",
              "Name": "sb-prod-liberland-vpc",
              "Namespace": "sb"
            },
            "tags_all": {
              "Environment": "prod",
              "Name": "sb-prod-liberland-vpc",
              "Namespace": "sb"
            }
          },
          "sensitive_attributes": [],
          "private": "eyJzY2hlbWFfdmVyc2lvbiI6IjEifQ=="
        }
      ]
    }
  ]
}
